
Microsoft Visual Studio Solution File, Format Version 12.00
# Visual Studio 15
Project("{FAE04EC0-301F-11D3-BF4B-00C04F79EFBC}") = "Assembly-CSharp", "Assembly-CSharp.csproj", "{FACC5F3F-B118-3D71-1EA3-217B1FE0FA76}"
EndProject
Project("{FAE04EC0-301F-11D3-BF4B-00C04F79EFBC}") = "Assembly-CSharp-Editor", "Assembly-CSharp-Editor.csproj", "{1DAC65CF-9F26-5C72-DE80-12BE37E84670}"
EndProject
Global
	GlobalSection(SolutionConfigurationPlatforms) = preSolution
		Debug|Any CPU = Debug|Any CPU
		Release|Any CPU = Release|Any CPU
	EndGlobalSection
	GlobalSection(ProjectConfigurationPlatforms) = postSolution
		{FACC5F3F-B118-3D71-1EA3-217B1FE0FA76}.Debug|Any CPU.ActiveCfg = Debug|Any CPU
		{FACC5F3F-B118-3D71-1EA3-217B1FE0FA76}.Debug|Any CPU.Build.0 = Debug|Any CPU
		{FACC5F3F-B118-3D71-1EA3-217B1FE0FA76}.Release|Any CPU.ActiveCfg = Release|Any CPU
		{FACC5F3F-B118-3D71-1EA3-217B1FE0FA76}.Release|Any CPU.Build.0 = Release|Any CPU
		{1DAC65CF-9F26-5C72-DE80-12BE37E84670}.Debug|Any CPU.ActiveCfg = Debug|Any CPU
		{1DAC65CF-9F26-5C72-DE80-12BE37E84670}.Debug|Any CPU.Build.0 = Debug|Any CPU
		{1DAC65CF-9F26-5C72-DE80-12BE37E84670}.Release|Any CPU.ActiveCfg = Release|Any CPU
		{1DAC65CF-9F26-5C72-DE80-12BE37E84670}.Release|Any CPU.Build.0 = Release|Any CPU
	EndGlobalSection
	GlobalSection(SolutionProperties) = preSolution
		HideSolutionNode = FALSE
	EndGlobalSection
EndGlobal
